
Microsoft Visual Studio Solution File, Format Version 11.00
# Visual Studio 2010
Project("{FAE04EC0-301F-11D3-BF4B-00C04F79EFBC}") = "Assembly-CSharp", "Assembly-CSharp.csproj", "{C80A6872-03D6-E066-7446-E80687021A46}"
EndProject
Project("{FAE04EC0-301F-11D3-BF4B-00C04F79EFBC}") = "Assembly-CSharp-Editor", "Assembly-CSharp-Editor.csproj", "{42446224-F43E-DDC8-1D97-9A785D690C1A}"
EndProject
Global
	GlobalSection(SolutionConfigurationPlatforms) = preSolution
		Debug|Any CPU = Debug|Any CPU
		Release|Any CPU = Release|Any CPU
	EndGlobalSection
	GlobalSection(ProjectConfigurationPlatforms) = postSolution
		{C80A6872-03D6-E066-7446-E80687021A46}.Debug|Any CPU.ActiveCfg = Debug|Any CPU
		{C80A6872-03D6-E066-7446-E80687021A46}.Debug|Any CPU.Build.0 = Debug|Any CPU
		{C80A6872-03D6-E066-7446-E80687021A46}.Release|Any CPU.ActiveCfg = Release|Any CPU
		{C80A6872-03D6-E066-7446-E80687021A46}.Release|Any CPU.Build.0 = Release|Any CPU
		{42446224-F43E-DDC8-1D97-9A785D690C1A}.Debug|Any CPU.ActiveCfg = Debug|Any CPU
		{42446224-F43E-DDC8-1D97-9A785D690C1A}.Debug|Any CPU.Build.0 = Debug|Any CPU
		{42446224-F43E-DDC8-1D97-9A785D690C1A}.Release|Any CPU.ActiveCfg = Release|Any CPU
		{42446224-F43E-DDC8-1D97-9A785D690C1A}.Release|Any CPU.Build.0 = Release|Any CPU
	EndGlobalSection
	GlobalSection(SolutionProperties) = preSolution
		HideSolutionNode = FALSE
	EndGlobalSection
	GlobalSection(MonoDevelopProperties) = preSolution
		StartupItem = Assembly-CSharp.csproj
	EndGlobalSection
EndGlobal
